{
  "name": "exeth",
  "version": "0.0.1alpha",
  "lockfileVersion": 1,
  "requires": true,
  "dependencies": {
    "rskapi": {
      "version": "0.0.6",
      "resolved": "https://registry.npmjs.org/rskapi/-/rskapi-0.0.6.tgz",
      "integrity": "sha512-eU3e1axpjNxdhvlGOtV2B1IY2UM+VGBwuB65FMhX9lJUB2jZ2t2cOx+aPlRfw4nUEyCYPz2LC3xNKcOvtTrWEg==",
      "requires": {
        "simplejsonrpc": "0.0.3"
      }
    },
    "simpleargs": {
      "version": "0.0.3",
      "resolved": "https://registry.npmjs.org/simpleargs/-/simpleargs-0.0.3.tgz",
      "integrity": "sha1-CmqPQOxzFnNIEHB3mOTys11+9nE="
    },
    "simpledsl": {
      "version": "0.0.4",
      "resolved": "https://registry.npmjs.org/simpledsl/-/simpledsl-0.0.4.tgz",
      "integrity": "sha512-4a6XMf8fRAeQdzz820gr9WBs7tbdfrbTjeYr4vN7nQCDgeBXv9lKN+io80qqWYxO6K7Vlhz1JwKDg7kdUgosCg=="
    },
    "simplejsonrpc": {
      "version": "0.0.3",
      "resolved": "https://registry.npmjs.org/simplejsonrpc/-/simplejsonrpc-0.0.3.tgz",
      "integrity": "sha1-4ZqWOqIB8DbzjPStit+bt7q7Xj8="
    }
  }
}
